{
  "projects": [
    {
      "projectId": "3sWsabkqMN5rF9tgqCnVDh",
      "version": "latest",
      "dependencies": {},
      "lang": "ts",
      "fileLocks": [
        {
          "type": "globalVariant",
          "assetId": "iGybHbHv8FD52",
          "checksum": "ccbc3fa4f438ef7fe631d60d4b966093"
        },
        {
          "type": "renderModule",
          "assetId": "WReG0kfettn73",
          "checksum": "84d5722ff2ebece5d3207019ebfaa930"
        },
        {
          "type": "cssRules",
          "assetId": "WReG0kfettn73",
          "checksum": "84d5722ff2ebece5d3207019ebfaa930"
        },
        {
          "type": "renderModule",
          "assetId": "EGFnv4IDIWK-5",
          "checksum": "460e0692b556f4599fcfceb841942665"
        },
        {
          "type": "cssRules",
          "assetId": "EGFnv4IDIWK-5",
          "checksum": "460e0692b556f4599fcfceb841942665"
        },
        {
          "type": "renderModule",
          "assetId": "y4VNm62InZzQR",
          "checksum": "749bc22e40e2f99502dd30a67963ce27"
        },
        {
          "type": "cssRules",
          "assetId": "y4VNm62InZzQR",
          "checksum": "749bc22e40e2f99502dd30a67963ce27"
        },
        {
          "type": "renderModule",
          "assetId": "FlU_PKfwwn",
          "checksum": "3a828c2364a00efc39cf302751b11e8f"
        },
        {
          "type": "cssRules",
          "assetId": "FlU_PKfwwn",
          "checksum": "3a828c2364a00efc39cf302751b11e8f"
        },
        {
          "type": "renderModule",
          "assetId": "HyhoohE-va",
          "checksum": "633ce1daa1bb418b0b29d87247cf47d2"
        },
        {
          "type": "cssRules",
          "assetId": "HyhoohE-va",
          "checksum": "633ce1daa1bb418b0b29d87247cf47d2"
        },
        {
          "type": "renderModule",
          "assetId": "6HqZwsKMES",
          "checksum": "4b240ca817d1bf2c8058277d7f7d67a7"
        },
        {
          "type": "cssRules",
          "assetId": "6HqZwsKMES",
          "checksum": "4b240ca817d1bf2c8058277d7f7d67a7"
        },
        {
          "type": "renderModule",
          "assetId": "el8LDJzpRP",
          "checksum": "1162a1f3284d1e410b8ac7ffef63aa4b"
        },
        {
          "type": "cssRules",
          "assetId": "el8LDJzpRP",
          "checksum": "1162a1f3284d1e410b8ac7ffef63aa4b"
        },
        {
          "type": "icon",
          "assetId": "WguJg4FH-q",
          "checksum": "f8d859a9841123aa5f1c161168513909"
        },
        {
          "type": "icon",
          "assetId": "Z8nqdyP-Qq",
          "checksum": "a3042cd7f7da75f8271681b615dbe54c"
        },
        {
          "type": "renderModule",
          "assetId": "eJuRTncMA_",
          "checksum": "cbc66e9e03037faf81a2b0d35777ba29"
        },
        {
          "type": "cssRules",
          "assetId": "eJuRTncMA_",
          "checksum": "cbc66e9e03037faf81a2b0d35777ba29"
        },
        {
          "type": "icon",
          "assetId": "54JbGKKsgH",
          "checksum": "c794ef905cf3223f05c6a0632e44eef2"
        },
        {
          "type": "icon",
          "assetId": "ewAq1VmWRe",
          "checksum": "c3b6c6978f749d31a6ab1fec7b13c050"
        },
        {
          "type": "icon",
          "assetId": "B55IpMLX_T",
          "checksum": "b75b2c9a7f5c09c6e6fcecbe9ccb51f2"
        },
        {
          "type": "renderModule",
          "assetId": "b_S_J7Ei1n",
          "checksum": "2775cce464c35e1bb2e01f4ed8d0804e"
        },
        {
          "type": "cssRules",
          "assetId": "b_S_J7Ei1n",
          "checksum": "2775cce464c35e1bb2e01f4ed8d0804e"
        },
        {
          "type": "renderModule",
          "assetId": "0e8BPG79NE",
          "checksum": "9ad0127da2465fcf416c1bc3669805b6"
        },
        {
          "type": "cssRules",
          "assetId": "0e8BPG79NE",
          "checksum": "9ad0127da2465fcf416c1bc3669805b6"
        },
        {
          "type": "icon",
          "assetId": "QujGi_DpxH",
          "checksum": "5f815ff0fdfc33f431134fda7abd74fd"
        },
        {
          "type": "renderModule",
          "assetId": "meQXaQnIIWq",
          "checksum": "4a12561e12eea5d6d74f30697af03518"
        },
        {
          "type": "cssRules",
          "assetId": "meQXaQnIIWq",
          "checksum": "4a12561e12eea5d6d74f30697af03518"
        },
        {
          "type": "icon",
          "assetId": "J64mUFlwf_",
          "checksum": "6e93de82bc5fdc1ed82b37d303f69693"
        },
        {
          "type": "icon",
          "assetId": "wFtV6hqAP-",
          "checksum": "9ee7e8a07378cb72f763c33a459fb397"
        },
        {
          "type": "renderModule",
          "assetId": "1VmMofk7-8f",
          "checksum": "0e2f1ff9d8410a1d90b9271df30e17bc"
        },
        {
          "type": "cssRules",
          "assetId": "1VmMofk7-8f",
          "checksum": "0e2f1ff9d8410a1d90b9271df30e17bc"
        },
        {
          "type": "renderModule",
          "assetId": "qY2hlYYzffY",
          "checksum": "42bca48fbc24735a991410bbdbe1d2f3"
        },
        {
          "type": "cssRules",
          "assetId": "qY2hlYYzffY",
          "checksum": "42bca48fbc24735a991410bbdbe1d2f3"
        },
        {
          "type": "renderModule",
          "assetId": "l3Xpaw7w2K8",
          "checksum": "94c441c51f2900d9ecdde4448c0df050"
        },
        {
          "type": "cssRules",
          "assetId": "l3Xpaw7w2K8",
          "checksum": "94c441c51f2900d9ecdde4448c0df050"
        },
        {
          "type": "renderModule",
          "assetId": "wacjR-sYjk",
          "checksum": "4e9d8d949d144dadfa96314301630d18"
        },
        {
          "type": "cssRules",
          "assetId": "wacjR-sYjk",
          "checksum": "4e9d8d949d144dadfa96314301630d18"
        },
        {
          "type": "icon",
          "assetId": "REfP86HN8M",
          "checksum": "2ef2b4f498f8265d6e59c4bdd4611c09"
        },
        {
          "type": "renderModule",
          "assetId": "mOauKsDZOO",
          "checksum": "93653ae388f8c42712fcb7b80587fb15"
        },
        {
          "type": "cssRules",
          "assetId": "mOauKsDZOO",
          "checksum": "93653ae388f8c42712fcb7b80587fb15"
        },
        {
          "assetId": "3sWsabkqMN5rF9tgqCnVDh",
          "type": "projectCss",
          "checksum": "bd50cc3b4680711ff79976866f37a16b"
        }
      ],
      "codegenVersion": "0.0.1"
    }
  ],
  "cliVersion": "0.1.175"
}
